dependencies:
- name: postgresql
  repository: https://kubernetes-charts.storage.googleapis.com/
  version: 5.0.0
- name: stellar-core
  repository: file://../stellar-core/
  version: 1.0.0
digest: sha256:aac61befb8a8c978ca044a9c6cedb47ba2c3115bedf1a8ba865c041103f3530e
generated: "2019-05-20T23:03:36.495089335+02:00"
