dependencies:
- name: postgresql
  repository: https://charts.helm.sh/stable/
  version: 5.3.13
- name: stellar-core
  repository: file://../stellar-core/
  version: 1.0.0
digest: sha256:d4b0662233e97d98d5f603d6bd21004ce9de3e57092fc678019e2260d4aebe7b
generated: "2021-04-09T21:53:26.342869123+02:00"
