dependencies:
- name: postgresql
  repository: https://kubernetes-charts.storage.googleapis.com/
  version: 0.19.0
- name: stellar-core
  repository: file://../stellar-core/
  version: 1.0.0
digest: sha256:840d49072d3da7a02a1e80fe0d6dd204741b087da0c8a2ffce64d50cd6c89b50
generated: 2018-11-13T09:00:49.946224246+01:00
